
Microsoft Visual Studio Solution File, Format Version 12.00
# Visual Studio Version 17
VisualStudioVersion = 17.7.34003.232
MinimumVisualStudioVersion = 10.0.40219.1
Project("{9A19103F-16F7-4668-BE54-9A1E7A4F7556}") = "Project Management Tool", "Project Management Tool\Project Management Tool.csproj", "{F1757E08-FB2F-4BE5-9FE9-DE692620AB7A}"
EndProject
Project("{2150E333-8FDC-42A3-9474-1A3956D46DE8}") = "Solution Items", "Solution Items", "{DCD99930-7AFC-4C1A-B1AC-956AC5D04A4B}"
	ProjectSection(SolutionItems) = preProject
		.editorconfig = .editorconfig
	EndProjectSection
EndProject
Global
	GlobalSection(SolutionConfigurationPlatforms) = preSolution
		Debug|Any CPU = Debug|Any CPU
		Release|Any CPU = Release|Any CPU
	EndGlobalSection
	GlobalSection(ProjectConfigurationPlatforms) = postSolution
		{F1757E08-FB2F-4BE5-9FE9-DE692620AB7A}.Debug|Any CPU.ActiveCfg = Debug|Any CPU
		{F1757E08-FB2F-4BE5-9FE9-DE692620AB7A}.Debug|Any CPU.Build.0 = Debug|Any CPU
		{F1757E08-FB2F-4BE5-9FE9-DE692620AB7A}.Release|Any CPU.ActiveCfg = Release|Any CPU
		{F1757E08-FB2F-4BE5-9FE9-DE692620AB7A}.Release|Any CPU.Build.0 = Release|Any CPU
	EndGlobalSection
	GlobalSection(SolutionProperties) = preSolution
		HideSolutionNode = FALSE
	EndGlobalSection
	GlobalSection(ExtensibilityGlobals) = postSolution
		SolutionGuid = {5A575643-4D66-49B8-8B79-AE9E89A680ED}
	EndGlobalSection
EndGlobal
